{
  "name": "react-janimation",
  "version": "1.0.2",
  "lockfileVersion": 3,
  "requires": true,
  "packages": {
    "": {
      "name": "react-janimation",
      "version": "1.0.2",
      "license": "MIT",
      "dependencies": {
        "react-janimation": "^1.0.2"
      }
    },
    "node_modules/react-janimation": {
      "version": "1.0.2",
      "resolved": "https://registry.npmjs.org/react-janimation/-/react-janimation-1.0.2.tgz",
      "integrity": "sha512-jifLKvSxtYmGyEKFyzXZ+G0F5dhYY6kMD5hlJX2Qgr6Rx4BvFaI9blL1skvpnOfVPrcpSCm1KhBtLc//FpT1vA=="
    }
  }
}
