{
  "name": "react-janimation",
  "version": "1.0.11",
  "lockfileVersion": 3,
  "requires": true,
  "packages": {
    "": {
      "name": "react-janimation",
      "version": "1.0.11",
      "license": "MIT",
      "dependencies": {
        "react-janimation": "^1.0.10"
      }
    },
    "node_modules/react-janimation": {
      "version": "1.0.10",
      "resolved": "https://registry.npmjs.org/react-janimation/-/react-janimation-1.0.10.tgz",
      "integrity": "sha512-MdHt2rzv0i985X4RSxRWD7cGK7AszsL2+OfGfLP+XY9nIPpNjGs0RNaDSTz8334F76twyCjEDOUKewMgBYIHNw==",
      "dependencies": {
        "react-janimation": "^1.0.2"
      }
    }
  }
}
